// !$*UTF8*$!
{
	archiveVersion = 1;
	classes = {
	};
	objectVersion = 50;
	objects = {

/* Begin PBXBuildFile section */
		860E9F74252ECC1D00BBF7CE /* AppDelegate.swift in Sources */ = {isa = PBXBuildFile; fileRef = 860E9F73252ECC1D00BBF7CE /* AppDelegate.swift */; };
		860E9F76252ECC1D00BBF7CE /* SceneDelegate.swift in Sources */ = {isa = PBXBuildFile; fileRef = 860E9F75252ECC1D00BBF7CE /* SceneDelegate.swift */; };
		860E9F78252ECC1D00BBF7CE /* ViewController.swift in Sources */ = {isa = PBXBuildFile; fileRef = 860E9F77252ECC1D00BBF7CE /* ViewController.swift */; };
		860E9F7B252ECC1D00BBF7CE /* Main.storyboard in Resources */ = {isa = PBXBuildFile; fileRef = 860E9F79252ECC1D00BBF7CE /* Main.storyboard */; };
		860E9F7D252ECC2000BBF7CE /* Assets.xcassets in Resources */ = {isa = PBXBuildFile; fileRef = 860E9F7C252ECC2000BBF7CE /* Assets.xcassets */; };
		860E9F80252ECC2000BBF7CE /* LaunchScreen.storyboard in Resources */ = {isa = PBXBuildFile; fileRef = 860E9F7E252ECC2000BBF7CE /* LaunchScreen.storyboard */; };
		860E9F8B252ECC2000BBF7CE /* TheFirstAppTests.swift in Sources */ = {isa = PBXBuildFile; fileRef = 860E9F8A252ECC2000BBF7CE /* TheFirstAppTests.swift */; };
		860E9F96252ECC2000BBF7CE /* TheFirstAppUITests.swift in Sources */ = {isa = PBXBuildFile; fileRef = 860E9F95252ECC2000BBF7CE /* TheFirstAppUITests.swift */; };
		860E9FB1252ECD8600BBF7CE /* ImagesCell.swift in Sources */ = {isa = PBXBuildFile; fileRef = 860E9FB0252ECD8600BBF7CE /* ImagesCell.swift */; };
		860E9FBF252ED21400BBF7CE /* Extensions.swift in Sources */ = {isa = PBXBuildFile; fileRef = 860E9FBE252ED21400BBF7CE /* Extensions.swift */; };
		860E9FC7252ED65000BBF7CE /* TableViewController.swift in Sources */ = {isa = PBXBuildFile; fileRef = 860E9FC6252ED65000BBF7CE /* TableViewController.swift */; };
/* End PBXBuildFile section */

/* Begin PBXContainerItemProxy section */
		860E9F87252ECC2000BBF7CE /* PBXContainerItemProxy */ = {
			isa = PBXContainerItemProxy;
			containerPortal = 860E9F68252ECC1D00BBF7CE /* Project object */;
			proxyType = 1;
			remoteGlobalIDString = 860E9F6F252ECC1D00BBF7CE;
			remoteInfo = TheFirstApp;
		};
		860E9F92252ECC2000BBF7CE /* PBXContainerItemProxy */ = {
			isa = PBXContainerItemProxy;
			containerPortal = 860E9F68252ECC1D00BBF7CE /* Project object */;
			proxyType = 1;
			remoteGlobalIDString = 860E9F6F252ECC1D00BBF7CE;
			remoteInfo = TheFirstApp;
		};
/* End PBXContainerItemProxy section */

/* Begin PBXFileReference section */
		860E9F70252ECC1D00BBF7CE /* TheFirstApp.app */ = {isa = PBXFileReference; explicitFileType = wrapper.application; includeInIndex = 0; path = TheFirstApp.app; sourceTree = BUILT_PRODUCTS_DIR; };
		860E9F73252ECC1D00BBF7CE /* AppDelegate.swift */ = {isa = PBXFileReference; lastKnownFileType = sourcecode.swift; path = AppDelegate.swift; sourceTree = "<group>"; };
		860E9F75252ECC1D00BBF7CE /* SceneDelegate.swift */ = {isa = PBXFileReference; lastKnownFileType = sourcecode.swift; path = SceneDelegate.swift; sourceTree = "<group>"; };
		860E9F77252ECC1D00BBF7CE /* ViewController.swift */ = {isa = PBXFileReference; lastKnownFileType = sourcecode.swift; path = ViewController.swift; sourceTree = "<group>"; };
		860E9F7A252ECC1D00BBF7CE /* Base */ = {isa = PBXFileReference; lastKnownFileType = file.storyboard; name = Base; path = Base.lproj/Main.storyboard; sourceTree = "<group>"; };
		860E9F7C252ECC2000BBF7CE /* Assets.xcassets */ = {isa = PBXFileReference; lastKnownFileType = folder.assetcatalog; path = Assets.xcassets; sourceTree = "<group>"; };
		860E9F7F252ECC2000BBF7CE /* Base */ = {isa = PBXFileReference; lastKnownFileType = file.storyboard; name = Base; path = Base.lproj/LaunchScreen.storyboard; sourceTree = "<group>"; };
		860E9F81252ECC2000BBF7CE /* Info.plist */ = {isa = PBXFileReference; lastKnownFileType = text.plist.xml; path = Info.plist; sourceTree = "<group>"; };
		860E9F86252ECC2000BBF7CE /* TheFirstAppTests.xctest */ = {isa = PBXFileReference; explicitFileType = wrapper.cfbundle; includeInIndex = 0; path = TheFirstAppTests.xctest; sourceTree = BUILT_PRODUCTS_DIR; };
		860E9F8A252ECC2000BBF7CE /* TheFirstAppTests.swift */ = {isa = PBXFileReference; lastKnownFileType = sourcecode.swift; path = TheFirstAppTests.swift; sourceTree = "<group>"; };
		860E9F8C252ECC2000BBF7CE /* Info.plist */ = {isa = PBXFileReference; lastKnownFileType = text.plist.xml; path = Info.plist; sourceTree = "<group>"; };
		860E9F91252ECC2000BBF7CE /* TheFirstAppUITests.xctest */ = {isa = PBXFileReference; explicitFileType = wrapper.cfbundle; includeInIndex = 0; path = TheFirstAppUITests.xctest; sourceTree = BUILT_PRODUCTS_DIR; };
		860E9F95252ECC2000BBF7CE /* TheFirstAppUITests.swift */ = {isa = PBXFileReference; lastKnownFileType = sourcecode.swift; path = TheFirstAppUITests.swift; sourceTree = "<group>"; };
		860E9F97252ECC2000BBF7CE /* Info.plist */ = {isa = PBXFileReference; lastKnownFileType = text.plist.xml; path = Info.plist; sourceTree = "<group>"; };
		860E9FB0252ECD8600BBF7CE /* ImagesCell.swift */ = {isa = PBXFileReference; lastKnownFileType = sourcecode.swift; path = ImagesCell.swift; sourceTree = "<group>"; };
		860E9FBE252ED21400BBF7CE /* Extensions.swift */ = {isa = PBXFileReference; lastKnownFileType = sourcecode.swift; path = Extensions.swift; sourceTree = "<group>"; };
		860E9FC6252ED65000BBF7CE /* TableViewController.swift */ = {isa = PBXFileReference; lastKnownFileType = sourcecode.swift; path = TableViewController.swift; sourceTree = "<group>"; };
/* End PBXFileReference section */

/* Begin PBXFrameworksBuildPhase section */
		860E9F6D252ECC1D00BBF7CE /* Frameworks */ = {
			isa = PBXFrameworksBuildPhase;
			buildActionMask = 2147483647;
			files = (
			);
			runOnlyForDeploymentPostprocessing = 0;
		};
		860E9F83252ECC2000BBF7CE /* Frameworks */ = {
			isa = PBXFrameworksBuildPhase;
			buildActionMask = 2147483647;
			files = (
			);
			runOnlyForDeploymentPostprocessing = 0;
		};
		860E9F8E252ECC2000BBF7CE /* Frameworks */ = {
			isa = PBXFrameworksBuildPhase;
			buildActionMask = 2147483647;
			files = (
			);
			runOnlyForDeploymentPostprocessing = 0;
		};
/* End PBXFrameworksBuildPhase section */

/* Begin PBXGroup section */
		860E9F67252ECC1D00BBF7CE = {
			isa = PBXGroup;
			children = (
				860E9FB5252ED19C00BBF7CE /* Extensions */,
				860E9FAF252ECD6000BBF7CE /* Cell */,
				860E9F72252ECC1D00BBF7CE /* TheFirstApp */,
				860E9F89252ECC2000BBF7CE /* TheFirstAppTests */,
				860E9F94252ECC2000BBF7CE /* TheFirstAppUITests */,
				860E9F71252ECC1D00BBF7CE /* Products */,
			);
			sourceTree = "<group>";
		};
		860E9F71252ECC1D00BBF7CE /* Products */ = {
			isa = PBXGroup;
			children = (
				860E9F70252ECC1D00BBF7CE /* TheFirstApp.app */,
				860E9F86252ECC2000BBF7CE /* TheFirstAppTests.xctest */,
				860E9F91252ECC2000BBF7CE /* TheFirstAppUITests.xctest */,
			);
			name = Products;
			sourceTree = "<group>";
		};
		860E9F72252ECC1D00BBF7CE /* TheFirstApp */ = {
			isa = PBXGroup;
			children = (
				860E9F73252ECC1D00BBF7CE /* AppDelegate.swift */,
				860E9F75252ECC1D00BBF7CE /* SceneDelegate.swift */,
				860E9F77252ECC1D00BBF7CE /* ViewController.swift */,
				860E9F79252ECC1D00BBF7CE /* Main.storyboard */,
				860E9F7C252ECC2000BBF7CE /* Assets.xcassets */,
				860E9F7E252ECC2000BBF7CE /* LaunchScreen.storyboard */,
				860E9F81252ECC2000BBF7CE /* Info.plist */,
				860E9FC6252ED65000BBF7CE /* TableViewController.swift */,
			);
			path = TheFirstApp;
			sourceTree = "<group>";
		};
		860E9F89252ECC2000BBF7CE /* TheFirstAppTests */ = {
			isa = PBXGroup;
			children = (
				860E9F8A252ECC2000BBF7CE /* TheFirstAppTests.swift */,
				860E9F8C252ECC2000BBF7CE /* Info.plist */,
			);
			path = TheFirstAppTests;
			sourceTree = "<group>";
		};
		860E9F94252ECC2000BBF7CE /* TheFirstAppUITests */ = {
			isa = PBXGroup;
			children = (
				860E9F95252ECC2000BBF7CE /* TheFirstAppUITests.swift */,
				860E9F97252ECC2000BBF7CE /* Info.plist */,
			);
			path = TheFirstAppUITests;
			sourceTree = "<group>";
		};
		860E9FAF252ECD6000BBF7CE /* Cell */ = {
			isa = PBXGroup;
			children = (
				860E9FB0252ECD8600BBF7CE /* ImagesCell.swift */,
			);
			path = Cell;
			sourceTree = "<group>";
		};
		860E9FB5252ED19C00BBF7CE /* Extensions */ = {
			isa = PBXGroup;
			children = (
				860E9FBE252ED21400BBF7CE /* Extensions.swift */,
			);
			path = Extensions;
			sourceTree = "<group>";
		};
/* End PBXGroup section */

/* Begin PBXNativeTarget section */
		860E9F6F252ECC1D00BBF7CE /* TheFirstApp */ = {
			isa = PBXNativeTarget;
			buildConfigurationList = 860E9F9A252ECC2000BBF7CE /* Build configuration list for PBXNativeTarget "TheFirstApp" */;
			buildPhases = (
				860E9F6C252ECC1D00BBF7CE /* Sources */,
				860E9F6D252ECC1D00BBF7CE /* Frameworks */,
				860E9F6E252ECC1D00BBF7CE /* Resources */,
			);
			buildRules = (
			);
			dependencies = (
			);
			name = TheFirstApp;
			productName = TheFirstApp;
			productReference = 860E9F70252ECC1D00BBF7CE /* TheFirstApp.app */;
			productType = "com.apple.product-type.application";
		};
		860E9F85252ECC2000BBF7CE /* TheFirstAppTests */ = {
			isa = PBXNativeTarget;
			buildConfigurationList = 860E9F9D252ECC2000BBF7CE /* Build configuration list for PBXNativeTarget "TheFirstAppTests" */;
			buildPhases = (
				860E9F82252ECC2000BBF7CE /* Sources */,
				860E9F83252ECC2000BBF7CE /* Frameworks */,
				860E9F84252ECC2000BBF7CE /* Resources */,
			);
			buildRules = (
			);
			dependencies = (
				860E9F88252ECC2000BBF7CE /* PBXTargetDependency */,
			);
			name = TheFirstAppTests;
			productName = TheFirstAppTests;
			productReference = 860E9F86252ECC2000BBF7CE /* TheFirstAppTests.xctest */;
			productType = "com.apple.product-type.bundle.unit-test";
		};
		860E9F90252ECC2000BBF7CE /* TheFirstAppUITests */ = {
			isa = PBXNativeTarget;
			buildConfigurationList = 860E9FA0252ECC2000BBF7CE /* Build configuration list for PBXNativeTarget "TheFirstAppUITests" */;
			buildPhases = (
				860E9F8D252ECC2000BBF7CE /* Sources */,
				860E9F8E252ECC2000BBF7CE /* Frameworks */,
				860E9F8F252ECC2000BBF7CE /* Resources */,
			);
			buildRules = (
			);
			dependencies = (
				860E9F93252ECC2000BBF7CE /* PBXTargetDependency */,
			);
			name = TheFirstAppUITests;
			productName = TheFirstAppUITests;
			productReference = 860E9F91252ECC2000BBF7CE /* TheFirstAppUITests.xctest */;
			productType = "com.apple.product-type.bundle.ui-testing";
		};
/* End PBXNativeTarget section */

/* Begin PBXProject section */
		860E9F68252ECC1D00BBF7CE /* Project object */ = {
			isa = PBXProject;
			attributes = {
				LastSwiftUpdateCheck = 1200;
				LastUpgradeCheck = 1200;
				TargetAttributes = {
					860E9F6F252ECC1D00BBF7CE = {
						CreatedOnToolsVersion = 12.0.1;
					};
					860E9F85252ECC2000BBF7CE = {
						CreatedOnToolsVersion = 12.0.1;
						TestTargetID = 860E9F6F252ECC1D00BBF7CE;
					};
					860E9F90252ECC2000BBF7CE = {
						CreatedOnToolsVersion = 12.0.1;
						TestTargetID = 860E9F6F252ECC1D00BBF7CE;
					};
				};
			};
			buildConfigurationList = 860E9F6B252ECC1D00BBF7CE /* Build configuration list for PBXProject "TheFirstApp" */;
			compatibilityVersion = "Xcode 9.3";
			developmentRegion = en;
			hasScannedForEncodings = 0;
			knownRegions = (
				en,
				Base,
			);
			mainGroup = 860E9F67252ECC1D00BBF7CE;
			productRefGroup = 860E9F71252ECC1D00BBF7CE /* Products */;
			projectDirPath = "";
			projectRoot = "";
			targets = (
				860E9F6F252ECC1D00BBF7CE /* TheFirstApp */,
				860E9F85252ECC2000BBF7CE /* TheFirstAppTests */,
				860E9F90252ECC2000BBF7CE /* TheFirstAppUITests */,
			);
		};
/* End PBXProject section */

/* Begin PBXResourcesBuildPhase section */
		860E9F6E252ECC1D00BBF7CE /* Resources */ = {
			isa = PBXResourcesBuildPhase;
			buildActionMask = 2147483647;
			files = (
				860E9F80252ECC2000BBF7CE /* LaunchScreen.storyboard in Resources */,
				860E9F7D252ECC2000BBF7CE /* Assets.xcassets in Resources */,
				860E9F7B252ECC1D00BBF7CE /* Main.storyboard in Resources */,
			);
			runOnlyForDeploymentPostprocessing = 0;
		};
		860E9F84252ECC2000BBF7CE /* Resources */ = {
			isa = PBXResourcesBuildPhase;
			buildActionMask = 2147483647;
			files = (
			);
			runOnlyForDeploymentPostprocessing = 0;
		};
		860E9F8F252ECC2000BBF7CE /* Resources */ = {
			isa = PBXResourcesBuildPhase;
			buildActionMask = 2147483647;
			files = (
			);
			runOnlyForDeploymentPostprocessing = 0;
		};
/* End PBXResourcesBuildPhase section */

/* Begin PBXSourcesBuildPhase section */
		860E9F6C252ECC1D00BBF7CE /* Sources */ = {
			isa = PBXSourcesBuildPhase;
			buildActionMask = 2147483647;
			files = (
				860E9FBF252ED21400BBF7CE /* Extensions.swift in Sources */,
				860E9FC7252ED65000BBF7CE /* TableViewController.swift in Sources */,
				860E9F78252ECC1D00BBF7CE /* ViewController.swift in Sources */,
				860E9FB1252ECD8600BBF7CE /* ImagesCell.swift in Sources */,
				860E9F74252ECC1D00BBF7CE /* AppDelegate.swift in Sources */,
				860E9F76252ECC1D00BBF7CE /* SceneDelegate.swift in Sources */,
			);
			runOnlyForDeploymentPostprocessing = 0;
		};
		860E9F82252ECC2000BBF7CE /* Sources */ = {
			isa = PBXSourcesBuildPhase;
			buildActionMask = 2147483647;
			files = (
				860E9F8B252ECC2000BBF7CE /* TheFirstAppTests.swift in Sources */,
			);
			runOnlyForDeploymentPostprocessing = 0;
		};
		860E9F8D252ECC2000BBF7CE /* Sources */ = {
			isa = PBXSourcesBuildPhase;
			buildActionMask = 2147483647;
			files = (
				860E9F96252ECC2000BBF7CE /* TheFirstAppUITests.swift in Sources */,
			);
			runOnlyForDeploymentPostprocessing = 0;
		};
/* End PBXSourcesBuildPhase section */

/* Begin PBXTargetDependency section */
		860E9F88252ECC2000BBF7CE /* PBXTargetDependency */ = {
			isa = PBXTargetDependency;
			target = 860E9F6F252ECC1D00BBF7CE /* TheFirstApp */;
			targetProxy = 860E9F87252ECC2000BBF7CE /* PBXContainerItemProxy */;
		};
		860E9F93252ECC2000BBF7CE /* PBXTargetDependency */ = {
			isa = PBXTargetDependency;
			target = 860E9F6F252ECC1D00BBF7CE /* TheFirstApp */;
			targetProxy = 860E9F92252ECC2000BBF7CE /* PBXContainerItemProxy */;
		};
/* End PBXTargetDependency section */

/* Begin PBXVariantGroup section */
		860E9F79252ECC1D00BBF7CE /* Main.storyboard */ = {
			isa = PBXVariantGroup;
			children = (
				860E9F7A252ECC1D00BBF7CE /* Base */,
			);
			name = Main.storyboard;
			sourceTree = "<group>";
		};
		860E9F7E252ECC2000BBF7CE /* LaunchScreen.storyboard */ = {
			isa = PBXVariantGroup;
			children = (
				860E9F7F252ECC2000BBF7CE /* Base */,
			);
			name = LaunchScreen.storyboard;
			sourceTree = "<group>";
		};
/* End PBXVariantGroup section */

/* Begin XCBuildConfiguration section */
		860E9F98252ECC2000BBF7CE /* Debug */ = {
			isa = XCBuildConfiguration;
			buildSettings = {
				ALWAYS_SEARCH_USER_PATHS = NO;
				CLANG_ANALYZER_NONNULL = YES;
				CLANG_ANALYZER_NUMBER_OBJECT_CONVERSION = YES_AGGRESSIVE;
				CLANG_CXX_LANGUAGE_STANDARD = "gnu++14";
				CLANG_CXX_LIBRARY = "libc++";
				CLANG_ENABLE_MODULES = YES;
				CLANG_ENABLE_OBJC_ARC = YES;
				CLANG_ENABLE_OBJC_WEAK = YES;
				CLANG_WARN_BLOCK_CAPTURE_AUTORELEASING = YES;
				CLANG_WARN_BOOL_CONVERSION = YES;
				CLANG_WARN_COMMA = YES;
				CLANG_WARN_CONSTANT_CONVERSION = YES;
				CLANG_WARN_DEPRECATED_OBJC_IMPLEMENTATIONS = YES;
				CLANG_WARN_DIRECT_OBJC_ISA_USAGE = YES_ERROR;
				CLANG_WARN_DOCUMENTATION_COMMENTS = YES;
				CLANG_WARN_EMPTY_BODY = YES;
				CLANG_WARN_ENUM_CONVERSION = YES;
				CLANG_WARN_INFINITE_RECURSION = YES;
				CLANG_WARN_INT_CONVERSION = YES;
				CLANG_WARN_NON_LITERAL_NULL_CONVERSION = YES;
				CLANG_WARN_OBJC_IMPLICIT_RETAIN_SELF = YES;
				CLANG_WARN_OBJC_LITERAL_CONVERSION = YES;
				CLANG_WARN_OBJC_ROOT_CLASS = YES_ERROR;
				CLANG_WARN_QUOTED_INCLUDE_IN_FRAMEWORK_HEADER = YES;
				CLANG_WARN_RANGE_LOOP_ANALYSIS = YES;
				CLANG_WARN_STRICT_PROTOTYPES = YES;
				CLANG_WARN_SUSPICIOUS_MOVE = YES;
				CLANG_WARN_UNGUARDED_AVAILABILITY = YES_AGGRESSIVE;
				CLANG_WARN_UNREACHABLE_CODE = YES;
				CLANG_WARN__DUPLICATE_METHOD_MATCH = YES;
				COPY_PHASE_STRIP = NO;
				DEBUG_INFORMATION_FORMAT = dwarf;
				ENABLE_STRICT_OBJC_MSGSEND = YES;
				ENABLE_TESTABILITY = YES;
				GCC_C_LANGUAGE_STANDARD = gnu11;
				GCC_DYNAMIC_NO_PIC = NO;
				GCC_NO_COMMON_BLOCKS = YES;
				GCC_OPTIMIZATION_LEVEL = 0;
				GCC_PREPROCESSOR_DEFINITIONS = (
					"DEBUG=1",
					"$(inherited)",
				);
				GCC_WARN_64_TO_32_BIT_CONVERSION = YES;
				GCC_WARN_ABOUT_RETURN_TYPE = YES_ERROR;
				GCC_WARN_UNDECLARED_SELECTOR = YES;
				GCC_WARN_UNINITIALIZED_AUTOS = YES_AGGRESSIVE;
				GCC_WARN_UNUSED_FUNCTION = YES;
				GCC_WARN_UNUSED_VARIABLE = YES;
				IPHONEOS_DEPLOYMENT_TARGET = 14.0;
				MTL_ENABLE_DEBUG_INFO = INCLUDE_SOURCE;
				MTL_FAST_MATH = YES;
				ONLY_ACTIVE_ARCH = YES;
				SDKROOT = iphoneos;
				SWIFT_ACTIVE_COMPILATION_CONDITIONS = DEBUG;
				SWIFT_OPTIMIZATION_LEVEL = "-Onone";
			};
			name = Debug;
		};
		860E9F99252ECC2000BBF7CE /* Release */ = {
			isa = XCBuildConfiguration;
			buildSettings = {
				ALWAYS_SEARCH_USER_PATHS = NO;
				CLANG_ANALYZER_NONNULL = YES;
				CLANG_ANALYZER_NUMBER_OBJECT_CONVERSION = YES_AGGRESSIVE;
				CLANG_CXX_LANGUAGE_STANDARD = "gnu++14";
				CLANG_CXX_LIBRARY = "libc++";
				CLANG_ENABLE_MODULES = YES;
				CLANG_ENABLE_OBJC_ARC = YES;
				CLANG_ENABLE_OBJC_WEAK = YES;
				CLANG_WARN_BLOCK_CAPTURE_AUTORELEASING = YES;
				CLANG_WARN_BOOL_CONVERSION = YES;
				CLANG_WARN_COMMA = YES;
				CLANG_WARN_CONSTANT_CONVERSION = YES;
				CLANG_WARN_DEPRECATED_OBJC_IMPLEMENTATIONS = YES;
				CLANG_WARN_DIRECT_OBJC_ISA_USAGE = YES_ERROR;
				CLANG_WARN_DOCUMENTATION_COMMENTS = YES;
				CLANG_WARN_EMPTY_BODY = YES;
				CLANG_WARN_ENUM_CONVERSION = YES;
				CLANG_WARN_INFINITE_RECURSION = YES;
				CLANG_WARN_INT_CONVERSION = YES;
				CLANG_WARN_NON_LITERAL_NULL_CONVERSION = YES;
				CLANG_WARN_OBJC_IMPLICIT_RETAIN_SELF = YES;
				CLANG_WARN_OBJC_LITERAL_CONVERSION = YES;
				CLANG_WARN_OBJC_ROOT_CLASS = YES_ERROR;
				CLANG_WARN_QUOTED_INCLUDE_IN_FRAMEWORK_HEADER = YES;
				CLANG_WARN_RANGE_LOOP_ANALYSIS = YES;
				CLANG_WARN_STRICT_PROTOTYPES = YES;
				CLANG_WARN_SUSPICIOUS_MOVE = YES;
				CLANG_WARN_UNGUARDED_AVAILABILITY = YES_AGGRESSIVE;
				CLANG_WARN_UNREACHABLE_CODE = YES;
				CLANG_WARN__DUPLICATE_METHOD_MATCH = YES;
				COPY_PHASE_STRIP = NO;
				DEBUG_INFORMATION_FORMAT = "dwarf-with-dsym";
				ENABLE_NS_ASSERTIONS = NO;
				ENABLE_STRICT_OBJC_MSGSEND = YES;
				GCC_C_LANGUAGE_STANDARD = gnu11;
				GCC_NO_COMMON_BLOCKS = YES;
				GCC_WARN_64_TO_32_BIT_CONVERSION = YES;
				GCC_WARN_ABOUT_RETURN_TYPE = YES_ERROR;
				GCC_WARN_UNDECLARED_SELECTOR = YES;
				GCC_WARN_UNINITIALIZED_AUTOS = YES_AGGRESSIVE;
				GCC_WARN_UNUSED_FUNCTION = YES;
				GCC_WARN_UNUSED_VARIABLE = YES;
				IPHONEOS_DEPLOYMENT_TARGET = 14.0;
				MTL_ENABLE_DEBUG_INFO = NO;
				MTL_FAST_MATH = YES;
				SDKROOT = iphoneos;
				SWIFT_COMPILATION_MODE = wholemodule;
				SWIFT_OPTIMIZATION_LEVEL = "-O";
				VALIDATE_PRODUCT = YES;
			};
			name = Release;
		};
		860E9F9B252ECC2000BBF7CE /* Debug */ = {
			isa = XCBuildConfiguration;
			buildSettings = {
				ASSETCATALOG_COMPILER_APPICON_NAME = AppIcon;
				ASSETCATALOG_COMPILER_GLOBAL_ACCENT_COLOR_NAME = AccentColor;
				CODE_SIGN_STYLE = Automatic;
				INFOPLIST_FILE = TheFirstApp/Info.plist;
				LD_RUNPATH_SEARCH_PATHS = (
					"$(inherited)",
					"@executable_path/Frameworks",
				);
				PRODUCT_BUNDLE_IDENTIFIER = Vlad.TheFirstApp;
				PRODUCT_NAME = "$(TARGET_NAME)";
				SWIFT_VERSION = 5.0;
				TARGETED_DEVICE_FAMILY = 1;
			};
			name = Debug;
		};
		860E9F9C252ECC2000BBF7CE /* Release */ = {
			isa = XCBuildConfiguration;
			buildSettings = {
				ASSETCATALOG_COMPILER_APPICON_NAME = AppIcon;
				ASSETCATALOG_COMPILER_GLOBAL_ACCENT_COLOR_NAME = AccentColor;
				CODE_SIGN_STYLE = Automatic;
				INFOPLIST_FILE = TheFirstApp/Info.plist;
				LD_RUNPATH_SEARCH_PATHS = (
					"$(inherited)",
					"@executable_path/Frameworks",
				);
				PRODUCT_BUNDLE_IDENTIFIER = Vlad.TheFirstApp;
				PRODUCT_NAME = "$(TARGET_NAME)";
				SWIFT_VERSION = 5.0;
				TARGETED_DEVICE_FAMILY = 1;
			};
			name = Release;
		};
		860E9F9E252ECC2000BBF7CE /* Debug */ = {
			isa = XCBuildConfiguration;
			buildSettings = {
				ALWAYS_EMBED_SWIFT_STANDARD_LIBRARIES = YES;
				BUNDLE_LOADER = "$(TEST_HOST)";
				CODE_SIGN_STYLE = Automatic;
				INFOPLIST_FILE = TheFirstAppTests/Info.plist;
				IPHONEOS_DEPLOYMENT_TARGET = 14.0;
				LD_RUNPATH_SEARCH_PATHS = (
					"$(inherited)",
					"@executable_path/Frameworks",
					"@loader_path/Frameworks",
				);
				PRODUCT_BUNDLE_IDENTIFIER = Vlad.TheFirstAppTests;
				PRODUCT_NAME = "$(TARGET_NAME)";
				SWIFT_VERSION = 5.0;
				TARGETED_DEVICE_FAMILY = "1,2";
				TEST_HOST = "$(BUILT_PRODUCTS_DIR)/TheFirstApp.app/TheFirstApp";
			};
			name = Debug;
		};
		860E9F9F252ECC2000BBF7CE /* Release */ = {
			isa = XCBuildConfiguration;
			buildSettings = {
				ALWAYS_EMBED_SWIFT_STANDARD_LIBRARIES = YES;
				BUNDLE_LOADER = "$(TEST_HOST)";
				CODE_SIGN_STYLE = Automatic;
				INFOPLIST_FILE = TheFirstAppTests/Info.plist;
				IPHONEOS_DEPLOYMENT_TARGET = 14.0;
				LD_RUNPATH_SEARCH_PATHS = (
					"$(inherited)",
					"@executable_path/Frameworks",
					"@loader_path/Frameworks",
				);
				PRODUCT_BUNDLE_IDENTIFIER = Vlad.TheFirstAppTests;
				PRODUCT_NAME = "$(TARGET_NAME)";
				SWIFT_VERSION = 5.0;
				TARGETED_DEVICE_FAMILY = "1,2";
				TEST_HOST = "$(BUILT_PRODUCTS_DIR)/TheFirstApp.app/TheFirstApp";
			};
			name = Release;
		};
		860E9FA1252ECC2000BBF7CE /* Debug */ = {
			isa = XCBuildConfiguration;
			buildSettings = {
				ALWAYS_EMBED_SWIFT_STANDARD_LIBRARIES = YES;
				CODE_SIGN_STYLE = Automatic;
				INFOPLIST_FILE = TheFirstAppUITests/Info.plist;
				LD_RUNPATH_SEARCH_PATHS = (
					"$(inherited)",
					"@executable_path/Frameworks",
					"@loader_path/Frameworks",
				);
				PRODUCT_BUNDLE_IDENTIFIER = Vlad.TheFirstAppUITests;
				PRODUCT_NAME = "$(TARGET_NAME)";
				SWIFT_VERSION = 5.0;
				TARGETED_DEVICE_FAMILY = "1,2";
				TEST_TARGET_NAME = TheFirstApp;
			};
			name = Debug;
		};
		860E9FA2252ECC2000BBF7CE /* Release */ = {
			isa = XCBuildConfiguration;
			buildSettings = {
				ALWAYS_EMBED_SWIFT_STANDARD_LIBRARIES = YES;
				CODE_SIGN_STYLE = Automatic;
				INFOPLIST_FILE = TheFirstAppUITests/Info.plist;
				LD_RUNPATH_SEARCH_PATHS = (
					"$(inherited)",
					"@executable_path/Frameworks",
					"@loader_path/Frameworks",
				);
				PRODUCT_BUNDLE_IDENTIFIER = Vlad.TheFirstAppUITests;
				PRODUCT_NAME = "$(TARGET_NAME)";
				SWIFT_VERSION = 5.0;
				TARGETED_DEVICE_FAMILY = "1,2";
				TEST_TARGET_NAME = TheFirstApp;
			};
			name = Release;
		};
/* End XCBuildConfiguration section */

/* Begin XCConfigurationList section */
		860E9F6B252ECC1D00BBF7CE /* Build configuration list for PBXProject "TheFirstApp" */ = {
			isa = XCConfigurationList;
			buildConfigurations = (
				860E9F98252ECC2000BBF7CE /* Debug */,
				860E9F99252ECC2000BBF7CE /* Release */,
			);
			defaultConfigurationIsVisible = 0;
			defaultConfigurationName = Release;
		};
		860E9F9A252ECC2000BBF7CE /* Build configuration list for PBXNativeTarget "TheFirstApp" */ = {
			isa = XCConfigurationList;
			buildConfigurations = (
				860E9F9B252ECC2000BBF7CE /* Debug */,
				860E9F9C252ECC2000BBF7CE /* Release */,
			);
			defaultConfigurationIsVisible = 0;
			defaultConfigurationName = Release;
		};
		860E9F9D252ECC2000BBF7CE /* Build configuration list for PBXNativeTarget "TheFirstAppTests" */ = {
			isa = XCConfigurationList;
			buildConfigurations = (
				860E9F9E252ECC2000BBF7CE /* Debug */,
				860E9F9F252ECC2000BBF7CE /* Release */,
			);
			defaultConfigurationIsVisible = 0;
			defaultConfigurationName = Release;
		};
		860E9FA0252ECC2000BBF7CE /* Build configuration list for PBXNativeTarget "TheFirstAppUITests" */ = {
			isa = XCConfigurationList;
			buildConfigurations = (
				860E9FA1252ECC2000BBF7CE /* Debug */,
				860E9FA2252ECC2000BBF7CE /* Release */,
			);
			defaultConfigurationIsVisible = 0;
			defaultConfigurationName = Release;
		};
/* End XCConfigurationList section */
	};
	rootObject = 860E9F68252ECC1D00BBF7CE /* Project object */;
}
