// !$*UTF8*$!
{
	archiveVersion = 1;
	classes = {
	};
	objectVersion = 50;
	objects = {

/* Begin PBXBuildFile section */
		86C6E0972526DD7B00220003 /* AppDelegate.swift in Sources */ = {isa = PBXBuildFile; fileRef = 86C6E0962526DD7B00220003 /* AppDelegate.swift */; };
		86C6E0992526DD7B00220003 /* SceneDelegate.swift in Sources */ = {isa = PBXBuildFile; fileRef = 86C6E0982526DD7B00220003 /* SceneDelegate.swift */; };
		86C6E09B2526DD7B00220003 /* ViewController.swift in Sources */ = {isa = PBXBuildFile; fileRef = 86C6E09A2526DD7B00220003 /* ViewController.swift */; };
		86C6E09E2526DD7B00220003 /* Main.storyboard in Resources */ = {isa = PBXBuildFile; fileRef = 86C6E09C2526DD7B00220003 /* Main.storyboard */; };
		86C6E0A02526DD7B00220003 /* Assets.xcassets in Resources */ = {isa = PBXBuildFile; fileRef = 86C6E09F2526DD7B00220003 /* Assets.xcassets */; };
		86C6E0A32526DD7B00220003 /* LaunchScreen.storyboard in Resources */ = {isa = PBXBuildFile; fileRef = 86C6E0A12526DD7B00220003 /* LaunchScreen.storyboard */; };
		86C6E0AE2526DD7C00220003 /* ImageToTableTests.swift in Sources */ = {isa = PBXBuildFile; fileRef = 86C6E0AD2526DD7C00220003 /* ImageToTableTests.swift */; };
		86C6E0B92526DD7C00220003 /* ImageToTableUITests.swift in Sources */ = {isa = PBXBuildFile; fileRef = 86C6E0B82526DD7C00220003 /* ImageToTableUITests.swift */; };
		86C6E0CA2526E03700220003 /* Extensions.swift in Sources */ = {isa = PBXBuildFile; fileRef = 86C6E0C92526E03700220003 /* Extensions.swift */; };
		86EE6B04252A1E5200A6724A /* ImagesController.swift in Sources */ = {isa = PBXBuildFile; fileRef = 86EE6B03252A1E5200A6724A /* ImagesController.swift */; };
		86EE6B0A252B87C100A6724A /* ImagesCell.swift in Sources */ = {isa = PBXBuildFile; fileRef = 86EE6B09252B87C100A6724A /* ImagesCell.swift */; };
/* End PBXBuildFile section */

/* Begin PBXContainerItemProxy section */
		86C6E0AA2526DD7C00220003 /* PBXContainerItemProxy */ = {
			isa = PBXContainerItemProxy;
			containerPortal = 86C6E08B2526DD7B00220003 /* Project object */;
			proxyType = 1;
			remoteGlobalIDString = 86C6E0922526DD7B00220003;
			remoteInfo = ImageToTable;
		};
		86C6E0B52526DD7C00220003 /* PBXContainerItemProxy */ = {
			isa = PBXContainerItemProxy;
			containerPortal = 86C6E08B2526DD7B00220003 /* Project object */;
			proxyType = 1;
			remoteGlobalIDString = 86C6E0922526DD7B00220003;
			remoteInfo = ImageToTable;
		};
/* End PBXContainerItemProxy section */

/* Begin PBXFileReference section */
		86C6E0932526DD7B00220003 /* ImageToTable.app */ = {isa = PBXFileReference; explicitFileType = wrapper.application; includeInIndex = 0; path = ImageToTable.app; sourceTree = BUILT_PRODUCTS_DIR; };
		86C6E0962526DD7B00220003 /* AppDelegate.swift */ = {isa = PBXFileReference; lastKnownFileType = sourcecode.swift; path = AppDelegate.swift; sourceTree = "<group>"; };
		86C6E0982526DD7B00220003 /* SceneDelegate.swift */ = {isa = PBXFileReference; lastKnownFileType = sourcecode.swift; path = SceneDelegate.swift; sourceTree = "<group>"; };
		86C6E09A2526DD7B00220003 /* ViewController.swift */ = {isa = PBXFileReference; lastKnownFileType = sourcecode.swift; path = ViewController.swift; sourceTree = "<group>"; };
		86C6E09D2526DD7B00220003 /* Base */ = {isa = PBXFileReference; lastKnownFileType = file.storyboard; name = Base; path = Base.lproj/Main.storyboard; sourceTree = "<group>"; };
		86C6E09F2526DD7B00220003 /* Assets.xcassets */ = {isa = PBXFileReference; lastKnownFileType = folder.assetcatalog; path = Assets.xcassets; sourceTree = "<group>"; };
		86C6E0A22526DD7B00220003 /* Base */ = {isa = PBXFileReference; lastKnownFileType = file.storyboard; name = Base; path = Base.lproj/LaunchScreen.storyboard; sourceTree = "<group>"; };
		86C6E0A42526DD7B00220003 /* Info.plist */ = {isa = PBXFileReference; lastKnownFileType = text.plist.xml; path = Info.plist; sourceTree = "<group>"; };
		86C6E0A92526DD7C00220003 /* ImageToTableTests.xctest */ = {isa = PBXFileReference; explicitFileType = wrapper.cfbundle; includeInIndex = 0; path = ImageToTableTests.xctest; sourceTree = BUILT_PRODUCTS_DIR; };
		86C6E0AD2526DD7C00220003 /* ImageToTableTests.swift */ = {isa = PBXFileReference; lastKnownFileType = sourcecode.swift; path = ImageToTableTests.swift; sourceTree = "<group>"; };
		86C6E0AF2526DD7C00220003 /* Info.plist */ = {isa = PBXFileReference; lastKnownFileType = text.plist.xml; path = Info.plist; sourceTree = "<group>"; };
		86C6E0B42526DD7C00220003 /* ImageToTableUITests.xctest */ = {isa = PBXFileReference; explicitFileType = wrapper.cfbundle; includeInIndex = 0; path = ImageToTableUITests.xctest; sourceTree = BUILT_PRODUCTS_DIR; };
		86C6E0B82526DD7C00220003 /* ImageToTableUITests.swift */ = {isa = PBXFileReference; lastKnownFileType = sourcecode.swift; path = ImageToTableUITests.swift; sourceTree = "<group>"; };
		86C6E0BA2526DD7C00220003 /* Info.plist */ = {isa = PBXFileReference; lastKnownFileType = text.plist.xml; path = Info.plist; sourceTree = "<group>"; };
		86C6E0C92526E03700220003 /* Extensions.swift */ = {isa = PBXFileReference; lastKnownFileType = sourcecode.swift; path = Extensions.swift; sourceTree = "<group>"; };
		86EE6B03252A1E5200A6724A /* ImagesController.swift */ = {isa = PBXFileReference; lastKnownFileType = sourcecode.swift; path = ImagesController.swift; sourceTree = "<group>"; };
		86EE6B09252B87C100A6724A /* ImagesCell.swift */ = {isa = PBXFileReference; lastKnownFileType = sourcecode.swift; path = ImagesCell.swift; sourceTree = "<group>"; };
/* End PBXFileReference section */

/* Begin PBXFrameworksBuildPhase section */
		86C6E0902526DD7B00220003 /* Frameworks */ = {
			isa = PBXFrameworksBuildPhase;
			buildActionMask = 2147483647;
			files = (
			);
			runOnlyForDeploymentPostprocessing = 0;
		};
		86C6E0A62526DD7C00220003 /* Frameworks */ = {
			isa = PBXFrameworksBuildPhase;
			buildActionMask = 2147483647;
			files = (
			);
			runOnlyForDeploymentPostprocessing = 0;
		};
		86C6E0B12526DD7C00220003 /* Frameworks */ = {
			isa = PBXFrameworksBuildPhase;
			buildActionMask = 2147483647;
			files = (
			);
			runOnlyForDeploymentPostprocessing = 0;
		};
/* End PBXFrameworksBuildPhase section */

/* Begin PBXGroup section */
		8614FEAC252A03F700FE398D /* Extension */ = {
			isa = PBXGroup;
			children = (
				86EE6B08252B872500A6724A /* ImagesCell */,
				8614FEBE252A07F500FE398D /* Controller */,
			);
			path = Extension;
			sourceTree = "<group>";
		};
		8614FEBE252A07F500FE398D /* Controller */ = {
			isa = PBXGroup;
			children = (
				86C6E09A2526DD7B00220003 /* ViewController.swift */,
				86EE6B03252A1E5200A6724A /* ImagesController.swift */,
			);
			path = Controller;
			sourceTree = "<group>";
		};
		86C6E08A2526DD7B00220003 = {
			isa = PBXGroup;
			children = (
				8614FEAC252A03F700FE398D /* Extension */,
				86C6E0952526DD7B00220003 /* ImageToTable */,
				86C6E0AC2526DD7C00220003 /* ImageToTableTests */,
				86C6E0B72526DD7C00220003 /* ImageToTableUITests */,
				86C6E0942526DD7B00220003 /* Products */,
			);
			sourceTree = "<group>";
		};
		86C6E0942526DD7B00220003 /* Products */ = {
			isa = PBXGroup;
			children = (
				86C6E0932526DD7B00220003 /* ImageToTable.app */,
				86C6E0A92526DD7C00220003 /* ImageToTableTests.xctest */,
				86C6E0B42526DD7C00220003 /* ImageToTableUITests.xctest */,
			);
			name = Products;
			sourceTree = "<group>";
		};
		86C6E0952526DD7B00220003 /* ImageToTable */ = {
			isa = PBXGroup;
			children = (
				86C6E0C92526E03700220003 /* Extensions.swift */,
				86C6E0962526DD7B00220003 /* AppDelegate.swift */,
				86C6E0982526DD7B00220003 /* SceneDelegate.swift */,
				86C6E09C2526DD7B00220003 /* Main.storyboard */,
				86C6E09F2526DD7B00220003 /* Assets.xcassets */,
				86C6E0A12526DD7B00220003 /* LaunchScreen.storyboard */,
				86C6E0A42526DD7B00220003 /* Info.plist */,
			);
			path = ImageToTable;
			sourceTree = "<group>";
		};
		86C6E0AC2526DD7C00220003 /* ImageToTableTests */ = {
			isa = PBXGroup;
			children = (
				86C6E0AD2526DD7C00220003 /* ImageToTableTests.swift */,
				86C6E0AF2526DD7C00220003 /* Info.plist */,
			);
			path = ImageToTableTests;
			sourceTree = "<group>";
		};
		86C6E0B72526DD7C00220003 /* ImageToTableUITests */ = {
			isa = PBXGroup;
			children = (
				86C6E0B82526DD7C00220003 /* ImageToTableUITests.swift */,
				86C6E0BA2526DD7C00220003 /* Info.plist */,
			);
			path = ImageToTableUITests;
			sourceTree = "<group>";
		};
		86EE6B08252B872500A6724A /* ImagesCell */ = {
			isa = PBXGroup;
			children = (
				86EE6B09252B87C100A6724A /* ImagesCell.swift */,
			);
			path = ImagesCell;
			sourceTree = "<group>";
		};
/* End PBXGroup section */

/* Begin PBXNativeTarget section */
		86C6E0922526DD7B00220003 /* ImageToTable */ = {
			isa = PBXNativeTarget;
			buildConfigurationList = 86C6E0BD2526DD7C00220003 /* Build configuration list for PBXNativeTarget "ImageToTable" */;
			buildPhases = (
				86C6E08F2526DD7B00220003 /* Sources */,
				86C6E0902526DD7B00220003 /* Frameworks */,
				86C6E0912526DD7B00220003 /* Resources */,
			);
			buildRules = (
			);
			dependencies = (
			);
			name = ImageToTable;
			productName = ImageToTable;
			productReference = 86C6E0932526DD7B00220003 /* ImageToTable.app */;
			productType = "com.apple.product-type.application";
		};
		86C6E0A82526DD7C00220003 /* ImageToTableTests */ = {
			isa = PBXNativeTarget;
			buildConfigurationList = 86C6E0C02526DD7C00220003 /* Build configuration list for PBXNativeTarget "ImageToTableTests" */;
			buildPhases = (
				86C6E0A52526DD7C00220003 /* Sources */,
				86C6E0A62526DD7C00220003 /* Frameworks */,
				86C6E0A72526DD7C00220003 /* Resources */,
			);
			buildRules = (
			);
			dependencies = (
				86C6E0AB2526DD7C00220003 /* PBXTargetDependency */,
			);
			name = ImageToTableTests;
			productName = ImageToTableTests;
			productReference = 86C6E0A92526DD7C00220003 /* ImageToTableTests.xctest */;
			productType = "com.apple.product-type.bundle.unit-test";
		};
		86C6E0B32526DD7C00220003 /* ImageToTableUITests */ = {
			isa = PBXNativeTarget;
			buildConfigurationList = 86C6E0C32526DD7C00220003 /* Build configuration list for PBXNativeTarget "ImageToTableUITests" */;
			buildPhases = (
				86C6E0B02526DD7C00220003 /* Sources */,
				86C6E0B12526DD7C00220003 /* Frameworks */,
				86C6E0B22526DD7C00220003 /* Resources */,
			);
			buildRules = (
			);
			dependencies = (
				86C6E0B62526DD7C00220003 /* PBXTargetDependency */,
			);
			name = ImageToTableUITests;
			productName = ImageToTableUITests;
			productReference = 86C6E0B42526DD7C00220003 /* ImageToTableUITests.xctest */;
			productType = "com.apple.product-type.bundle.ui-testing";
		};
/* End PBXNativeTarget section */

/* Begin PBXProject section */
		86C6E08B2526DD7B00220003 /* Project object */ = {
			isa = PBXProject;
			attributes = {
				LastSwiftUpdateCheck = 1200;
				LastUpgradeCheck = 1200;
				TargetAttributes = {
					86C6E0922526DD7B00220003 = {
						CreatedOnToolsVersion = 12.0.1;
					};
					86C6E0A82526DD7C00220003 = {
						CreatedOnToolsVersion = 12.0.1;
						TestTargetID = 86C6E0922526DD7B00220003;
					};
					86C6E0B32526DD7C00220003 = {
						CreatedOnToolsVersion = 12.0.1;
						TestTargetID = 86C6E0922526DD7B00220003;
					};
				};
			};
			buildConfigurationList = 86C6E08E2526DD7B00220003 /* Build configuration list for PBXProject "ImageToTable" */;
			compatibilityVersion = "Xcode 9.3";
			developmentRegion = en;
			hasScannedForEncodings = 0;
			knownRegions = (
				en,
				Base,
			);
			mainGroup = 86C6E08A2526DD7B00220003;
			productRefGroup = 86C6E0942526DD7B00220003 /* Products */;
			projectDirPath = "";
			projectRoot = "";
			targets = (
				86C6E0922526DD7B00220003 /* ImageToTable */,
				86C6E0A82526DD7C00220003 /* ImageToTableTests */,
				86C6E0B32526DD7C00220003 /* ImageToTableUITests */,
			);
		};
/* End PBXProject section */

/* Begin PBXResourcesBuildPhase section */
		86C6E0912526DD7B00220003 /* Resources */ = {
			isa = PBXResourcesBuildPhase;
			buildActionMask = 2147483647;
			files = (
				86C6E0A32526DD7B00220003 /* LaunchScreen.storyboard in Resources */,
				86C6E0A02526DD7B00220003 /* Assets.xcassets in Resources */,
				86C6E09E2526DD7B00220003 /* Main.storyboard in Resources */,
			);
			runOnlyForDeploymentPostprocessing = 0;
		};
		86C6E0A72526DD7C00220003 /* Resources */ = {
			isa = PBXResourcesBuildPhase;
			buildActionMask = 2147483647;
			files = (
			);
			runOnlyForDeploymentPostprocessing = 0;
		};
		86C6E0B22526DD7C00220003 /* Resources */ = {
			isa = PBXResourcesBuildPhase;
			buildActionMask = 2147483647;
			files = (
			);
			runOnlyForDeploymentPostprocessing = 0;
		};
/* End PBXResourcesBuildPhase section */

/* Begin PBXSourcesBuildPhase section */
		86C6E08F2526DD7B00220003 /* Sources */ = {
			isa = PBXSourcesBuildPhase;
			buildActionMask = 2147483647;
			files = (
				86C6E09B2526DD7B00220003 /* ViewController.swift in Sources */,
				86C6E0972526DD7B00220003 /* AppDelegate.swift in Sources */,
				86C6E0992526DD7B00220003 /* SceneDelegate.swift in Sources */,
				86EE6B0A252B87C100A6724A /* ImagesCell.swift in Sources */,
				86C6E0CA2526E03700220003 /* Extensions.swift in Sources */,
				86EE6B04252A1E5200A6724A /* ImagesController.swift in Sources */,
			);
			runOnlyForDeploymentPostprocessing = 0;
		};
		86C6E0A52526DD7C00220003 /* Sources */ = {
			isa = PBXSourcesBuildPhase;
			buildActionMask = 2147483647;
			files = (
				86C6E0AE2526DD7C00220003 /* ImageToTableTests.swift in Sources */,
			);
			runOnlyForDeploymentPostprocessing = 0;
		};
		86C6E0B02526DD7C00220003 /* Sources */ = {
			isa = PBXSourcesBuildPhase;
			buildActionMask = 2147483647;
			files = (
				86C6E0B92526DD7C00220003 /* ImageToTableUITests.swift in Sources */,
			);
			runOnlyForDeploymentPostprocessing = 0;
		};
/* End PBXSourcesBuildPhase section */

/* Begin PBXTargetDependency section */
		86C6E0AB2526DD7C00220003 /* PBXTargetDependency */ = {
			isa = PBXTargetDependency;
			target = 86C6E0922526DD7B00220003 /* ImageToTable */;
			targetProxy = 86C6E0AA2526DD7C00220003 /* PBXContainerItemProxy */;
		};
		86C6E0B62526DD7C00220003 /* PBXTargetDependency */ = {
			isa = PBXTargetDependency;
			target = 86C6E0922526DD7B00220003 /* ImageToTable */;
			targetProxy = 86C6E0B52526DD7C00220003 /* PBXContainerItemProxy */;
		};
/* End PBXTargetDependency section */

/* Begin PBXVariantGroup section */
		86C6E09C2526DD7B00220003 /* Main.storyboard */ = {
			isa = PBXVariantGroup;
			children = (
				86C6E09D2526DD7B00220003 /* Base */,
			);
			name = Main.storyboard;
			sourceTree = "<group>";
		};
		86C6E0A12526DD7B00220003 /* LaunchScreen.storyboard */ = {
			isa = PBXVariantGroup;
			children = (
				86C6E0A22526DD7B00220003 /* Base */,
			);
			name = LaunchScreen.storyboard;
			sourceTree = "<group>";
		};
/* End PBXVariantGroup section */

/* Begin XCBuildConfiguration section */
		86C6E0BB2526DD7C00220003 /* Debug */ = {
			isa = XCBuildConfiguration;
			buildSettings = {
				ALWAYS_SEARCH_USER_PATHS = NO;
				CLANG_ANALYZER_NONNULL = YES;
				CLANG_ANALYZER_NUMBER_OBJECT_CONVERSION = YES_AGGRESSIVE;
				CLANG_CXX_LANGUAGE_STANDARD = "gnu++14";
				CLANG_CXX_LIBRARY = "libc++";
				CLANG_ENABLE_MODULES = YES;
				CLANG_ENABLE_OBJC_ARC = YES;
				CLANG_ENABLE_OBJC_WEAK = YES;
				CLANG_WARN_BLOCK_CAPTURE_AUTORELEASING = YES;
				CLANG_WARN_BOOL_CONVERSION = YES;
				CLANG_WARN_COMMA = YES;
				CLANG_WARN_CONSTANT_CONVERSION = YES;
				CLANG_WARN_DEPRECATED_OBJC_IMPLEMENTATIONS = YES;
				CLANG_WARN_DIRECT_OBJC_ISA_USAGE = YES_ERROR;
				CLANG_WARN_DOCUMENTATION_COMMENTS = YES;
				CLANG_WARN_EMPTY_BODY = YES;
				CLANG_WARN_ENUM_CONVERSION = YES;
				CLANG_WARN_INFINITE_RECURSION = YES;
				CLANG_WARN_INT_CONVERSION = YES;
				CLANG_WARN_NON_LITERAL_NULL_CONVERSION = YES;
				CLANG_WARN_OBJC_IMPLICIT_RETAIN_SELF = YES;
				CLANG_WARN_OBJC_LITERAL_CONVERSION = YES;
				CLANG_WARN_OBJC_ROOT_CLASS = YES_ERROR;
				CLANG_WARN_QUOTED_INCLUDE_IN_FRAMEWORK_HEADER = YES;
				CLANG_WARN_RANGE_LOOP_ANALYSIS = YES;
				CLANG_WARN_STRICT_PROTOTYPES = YES;
				CLANG_WARN_SUSPICIOUS_MOVE = YES;
				CLANG_WARN_UNGUARDED_AVAILABILITY = YES_AGGRESSIVE;
				CLANG_WARN_UNREACHABLE_CODE = YES;
				CLANG_WARN__DUPLICATE_METHOD_MATCH = YES;
				COPY_PHASE_STRIP = NO;
				DEBUG_INFORMATION_FORMAT = dwarf;
				ENABLE_STRICT_OBJC_MSGSEND = YES;
				ENABLE_TESTABILITY = YES;
				GCC_C_LANGUAGE_STANDARD = gnu11;
				GCC_DYNAMIC_NO_PIC = NO;
				GCC_NO_COMMON_BLOCKS = YES;
				GCC_OPTIMIZATION_LEVEL = 0;
				GCC_PREPROCESSOR_DEFINITIONS = (
					"DEBUG=1",
					"$(inherited)",
				);
				GCC_WARN_64_TO_32_BIT_CONVERSION = YES;
				GCC_WARN_ABOUT_RETURN_TYPE = YES_ERROR;
				GCC_WARN_UNDECLARED_SELECTOR = YES;
				GCC_WARN_UNINITIALIZED_AUTOS = YES_AGGRESSIVE;
				GCC_WARN_UNUSED_FUNCTION = YES;
				GCC_WARN_UNUSED_VARIABLE = YES;
				IPHONEOS_DEPLOYMENT_TARGET = 14.0;
				MTL_ENABLE_DEBUG_INFO = INCLUDE_SOURCE;
				MTL_FAST_MATH = YES;
				ONLY_ACTIVE_ARCH = YES;
				SDKROOT = iphoneos;
				SWIFT_ACTIVE_COMPILATION_CONDITIONS = DEBUG;
				SWIFT_OPTIMIZATION_LEVEL = "-Onone";
			};
			name = Debug;
		};
		86C6E0BC2526DD7C00220003 /* Release */ = {
			isa = XCBuildConfiguration;
			buildSettings = {
				ALWAYS_SEARCH_USER_PATHS = NO;
				CLANG_ANALYZER_NONNULL = YES;
				CLANG_ANALYZER_NUMBER_OBJECT_CONVERSION = YES_AGGRESSIVE;
				CLANG_CXX_LANGUAGE_STANDARD = "gnu++14";
				CLANG_CXX_LIBRARY = "libc++";
				CLANG_ENABLE_MODULES = YES;
				CLANG_ENABLE_OBJC_ARC = YES;
				CLANG_ENABLE_OBJC_WEAK = YES;
				CLANG_WARN_BLOCK_CAPTURE_AUTORELEASING = YES;
				CLANG_WARN_BOOL_CONVERSION = YES;
				CLANG_WARN_COMMA = YES;
				CLANG_WARN_CONSTANT_CONVERSION = YES;
				CLANG_WARN_DEPRECATED_OBJC_IMPLEMENTATIONS = YES;
				CLANG_WARN_DIRECT_OBJC_ISA_USAGE = YES_ERROR;
				CLANG_WARN_DOCUMENTATION_COMMENTS = YES;
				CLANG_WARN_EMPTY_BODY = YES;
				CLANG_WARN_ENUM_CONVERSION = YES;
				CLANG_WARN_INFINITE_RECURSION = YES;
				CLANG_WARN_INT_CONVERSION = YES;
				CLANG_WARN_NON_LITERAL_NULL_CONVERSION = YES;
				CLANG_WARN_OBJC_IMPLICIT_RETAIN_SELF = YES;
				CLANG_WARN_OBJC_LITERAL_CONVERSION = YES;
				CLANG_WARN_OBJC_ROOT_CLASS = YES_ERROR;
				CLANG_WARN_QUOTED_INCLUDE_IN_FRAMEWORK_HEADER = YES;
				CLANG_WARN_RANGE_LOOP_ANALYSIS = YES;
				CLANG_WARN_STRICT_PROTOTYPES = YES;
				CLANG_WARN_SUSPICIOUS_MOVE = YES;
				CLANG_WARN_UNGUARDED_AVAILABILITY = YES_AGGRESSIVE;
				CLANG_WARN_UNREACHABLE_CODE = YES;
				CLANG_WARN__DUPLICATE_METHOD_MATCH = YES;
				COPY_PHASE_STRIP = NO;
				DEBUG_INFORMATION_FORMAT = "dwarf-with-dsym";
				ENABLE_NS_ASSERTIONS = NO;
				ENABLE_STRICT_OBJC_MSGSEND = YES;
				GCC_C_LANGUAGE_STANDARD = gnu11;
				GCC_NO_COMMON_BLOCKS = YES;
				GCC_WARN_64_TO_32_BIT_CONVERSION = YES;
				GCC_WARN_ABOUT_RETURN_TYPE = YES_ERROR;
				GCC_WARN_UNDECLARED_SELECTOR = YES;
				GCC_WARN_UNINITIALIZED_AUTOS = YES_AGGRESSIVE;
				GCC_WARN_UNUSED_FUNCTION = YES;
				GCC_WARN_UNUSED_VARIABLE = YES;
				IPHONEOS_DEPLOYMENT_TARGET = 14.0;
				MTL_ENABLE_DEBUG_INFO = NO;
				MTL_FAST_MATH = YES;
				SDKROOT = iphoneos;
				SWIFT_COMPILATION_MODE = wholemodule;
				SWIFT_OPTIMIZATION_LEVEL = "-O";
				VALIDATE_PRODUCT = YES;
			};
			name = Release;
		};
		86C6E0BE2526DD7C00220003 /* Debug */ = {
			isa = XCBuildConfiguration;
			buildSettings = {
				ASSETCATALOG_COMPILER_APPICON_NAME = AppIcon;
				ASSETCATALOG_COMPILER_GLOBAL_ACCENT_COLOR_NAME = AccentColor;
				CODE_SIGN_STYLE = Automatic;
				INFOPLIST_FILE = ImageToTable/Info.plist;
				LD_RUNPATH_SEARCH_PATHS = (
					"$(inherited)",
					"@executable_path/Frameworks",
				);
				PRODUCT_BUNDLE_IDENTIFIER = Vlad.ImageToTable;
				PRODUCT_NAME = "$(TARGET_NAME)";
				SWIFT_VERSION = 5.0;
				TARGETED_DEVICE_FAMILY = 1;
			};
			name = Debug;
		};
		86C6E0BF2526DD7C00220003 /* Release */ = {
			isa = XCBuildConfiguration;
			buildSettings = {
				ASSETCATALOG_COMPILER_APPICON_NAME = AppIcon;
				ASSETCATALOG_COMPILER_GLOBAL_ACCENT_COLOR_NAME = AccentColor;
				CODE_SIGN_STYLE = Automatic;
				INFOPLIST_FILE = ImageToTable/Info.plist;
				LD_RUNPATH_SEARCH_PATHS = (
					"$(inherited)",
					"@executable_path/Frameworks",
				);
				PRODUCT_BUNDLE_IDENTIFIER = Vlad.ImageToTable;
				PRODUCT_NAME = "$(TARGET_NAME)";
				SWIFT_VERSION = 5.0;
				TARGETED_DEVICE_FAMILY = 1;
			};
			name = Release;
		};
		86C6E0C12526DD7C00220003 /* Debug */ = {
			isa = XCBuildConfiguration;
			buildSettings = {
				ALWAYS_EMBED_SWIFT_STANDARD_LIBRARIES = YES;
				BUNDLE_LOADER = "$(TEST_HOST)";
				CODE_SIGN_STYLE = Automatic;
				INFOPLIST_FILE = ImageToTableTests/Info.plist;
				IPHONEOS_DEPLOYMENT_TARGET = 14.0;
				LD_RUNPATH_SEARCH_PATHS = (
					"$(inherited)",
					"@executable_path/Frameworks",
					"@loader_path/Frameworks",
				);
				PRODUCT_BUNDLE_IDENTIFIER = Vlad.ImageToTableTests;
				PRODUCT_NAME = "$(TARGET_NAME)";
				SWIFT_VERSION = 5.0;
				TARGETED_DEVICE_FAMILY = "1,2";
				TEST_HOST = "$(BUILT_PRODUCTS_DIR)/ImageToTable.app/ImageToTable";
			};
			name = Debug;
		};
		86C6E0C22526DD7C00220003 /* Release */ = {
			isa = XCBuildConfiguration;
			buildSettings = {
				ALWAYS_EMBED_SWIFT_STANDARD_LIBRARIES = YES;
				BUNDLE_LOADER = "$(TEST_HOST)";
				CODE_SIGN_STYLE = Automatic;
				INFOPLIST_FILE = ImageToTableTests/Info.plist;
				IPHONEOS_DEPLOYMENT_TARGET = 14.0;
				LD_RUNPATH_SEARCH_PATHS = (
					"$(inherited)",
					"@executable_path/Frameworks",
					"@loader_path/Frameworks",
				);
				PRODUCT_BUNDLE_IDENTIFIER = Vlad.ImageToTableTests;
				PRODUCT_NAME = "$(TARGET_NAME)";
				SWIFT_VERSION = 5.0;
				TARGETED_DEVICE_FAMILY = "1,2";
				TEST_HOST = "$(BUILT_PRODUCTS_DIR)/ImageToTable.app/ImageToTable";
			};
			name = Release;
		};
		86C6E0C42526DD7C00220003 /* Debug */ = {
			isa = XCBuildConfiguration;
			buildSettings = {
				ALWAYS_EMBED_SWIFT_STANDARD_LIBRARIES = YES;
				CODE_SIGN_STYLE = Automatic;
				INFOPLIST_FILE = ImageToTableUITests/Info.plist;
				LD_RUNPATH_SEARCH_PATHS = (
					"$(inherited)",
					"@executable_path/Frameworks",
					"@loader_path/Frameworks",
				);
				PRODUCT_BUNDLE_IDENTIFIER = Vlad.ImageToTableUITests;
				PRODUCT_NAME = "$(TARGET_NAME)";
				SWIFT_VERSION = 5.0;
				TARGETED_DEVICE_FAMILY = "1,2";
				TEST_TARGET_NAME = ImageToTable;
			};
			name = Debug;
		};
		86C6E0C52526DD7C00220003 /* Release */ = {
			isa = XCBuildConfiguration;
			buildSettings = {
				ALWAYS_EMBED_SWIFT_STANDARD_LIBRARIES = YES;
				CODE_SIGN_STYLE = Automatic;
				INFOPLIST_FILE = ImageToTableUITests/Info.plist;
				LD_RUNPATH_SEARCH_PATHS = (
					"$(inherited)",
					"@executable_path/Frameworks",
					"@loader_path/Frameworks",
				);
				PRODUCT_BUNDLE_IDENTIFIER = Vlad.ImageToTableUITests;
				PRODUCT_NAME = "$(TARGET_NAME)";
				SWIFT_VERSION = 5.0;
				TARGETED_DEVICE_FAMILY = "1,2";
				TEST_TARGET_NAME = ImageToTable;
			};
			name = Release;
		};
/* End XCBuildConfiguration section */

/* Begin XCConfigurationList section */
		86C6E08E2526DD7B00220003 /* Build configuration list for PBXProject "ImageToTable" */ = {
			isa = XCConfigurationList;
			buildConfigurations = (
				86C6E0BB2526DD7C00220003 /* Debug */,
				86C6E0BC2526DD7C00220003 /* Release */,
			);
			defaultConfigurationIsVisible = 0;
			defaultConfigurationName = Release;
		};
		86C6E0BD2526DD7C00220003 /* Build configuration list for PBXNativeTarget "ImageToTable" */ = {
			isa = XCConfigurationList;
			buildConfigurations = (
				86C6E0BE2526DD7C00220003 /* Debug */,
				86C6E0BF2526DD7C00220003 /* Release */,
			);
			defaultConfigurationIsVisible = 0;
			defaultConfigurationName = Release;
		};
		86C6E0C02526DD7C00220003 /* Build configuration list for PBXNativeTarget "ImageToTableTests" */ = {
			isa = XCConfigurationList;
			buildConfigurations = (
				86C6E0C12526DD7C00220003 /* Debug */,
				86C6E0C22526DD7C00220003 /* Release */,
			);
			defaultConfigurationIsVisible = 0;
			defaultConfigurationName = Release;
		};
		86C6E0C32526DD7C00220003 /* Build configuration list for PBXNativeTarget "ImageToTableUITests" */ = {
			isa = XCConfigurationList;
			buildConfigurations = (
				86C6E0C42526DD7C00220003 /* Debug */,
				86C6E0C52526DD7C00220003 /* Release */,
			);
			defaultConfigurationIsVisible = 0;
			defaultConfigurationName = Release;
		};
/* End XCConfigurationList section */
	};
	rootObject = 86C6E08B2526DD7B00220003 /* Project object */;
}
